
Microsoft Visual Studio Solution File, Format Version 12.00
# Visual Studio Version 17
VisualStudioVersion = 17.10.34916.146
MinimumVisualStudioVersion = 10.0.40219.1
Project("{FAE04EC0-301F-11D3-BF4B-00C04F79EFBC}") = "PokerApp.Server", "PokerApp.Server\PokerApp.Server.csproj", "{5A4481F6-4A07-4710-AD0C-2F20656E4F1F}"
EndProject
Project("{54A90642-561A-4BB1-A94E-469ADEE60C69}") = "pokerapp.client", "pokerapp.client\pokerapp.client.esproj", "{3BF29DE9-6445-4BAF-88F5-367D8C4B2283}"
EndProject
Global
	GlobalSection(SolutionConfigurationPlatforms) = preSolution
		Debug|Any CPU = Debug|Any CPU
		Release|Any CPU = Release|Any CPU
	EndGlobalSection
	GlobalSection(ProjectConfigurationPlatforms) = postSolution
		{5A4481F6-4A07-4710-AD0C-2F20656E4F1F}.Debug|Any CPU.ActiveCfg = Debug|Any CPU
		{5A4481F6-4A07-4710-AD0C-2F20656E4F1F}.Debug|Any CPU.Build.0 = Debug|Any CPU
		{5A4481F6-4A07-4710-AD0C-2F20656E4F1F}.Release|Any CPU.ActiveCfg = Release|Any CPU
		{5A4481F6-4A07-4710-AD0C-2F20656E4F1F}.Release|Any CPU.Build.0 = Release|Any CPU
		{3BF29DE9-6445-4BAF-88F5-367D8C4B2283}.Debug|Any CPU.ActiveCfg = Debug|Any CPU
		{3BF29DE9-6445-4BAF-88F5-367D8C4B2283}.Debug|Any CPU.Build.0 = Debug|Any CPU
		{3BF29DE9-6445-4BAF-88F5-367D8C4B2283}.Debug|Any CPU.Deploy.0 = Debug|Any CPU
		{3BF29DE9-6445-4BAF-88F5-367D8C4B2283}.Release|Any CPU.ActiveCfg = Release|Any CPU
		{3BF29DE9-6445-4BAF-88F5-367D8C4B2283}.Release|Any CPU.Build.0 = Release|Any CPU
		{3BF29DE9-6445-4BAF-88F5-367D8C4B2283}.Release|Any CPU.Deploy.0 = Release|Any CPU
	EndGlobalSection
	GlobalSection(SolutionProperties) = preSolution
		HideSolutionNode = FALSE
	EndGlobalSection
	GlobalSection(ExtensibilityGlobals) = postSolution
		SolutionGuid = {A90FF03F-B7F1-4677-83BD-9AC5415CA8D2}
	EndGlobalSection
EndGlobal
